
Microsoft Visual Studio Solution File, Format Version 12.00
# Visual Studio Version 17
VisualStudioVersion = 17.4.33205.214
MinimumVisualStudioVersion = 10.0.40219.1
Project("{888888A0-9F3D-457C-B088-3A5042F75D52}") = "Example", "Example\Example.pyproj", "{965FEEFA-3396-4186-BD34-69A820D2B7F0}"
EndProject
Global
	GlobalSection(SolutionConfigurationPlatforms) = preSolution
		Debug|Any CPU = Debug|Any CPU
		Release|Any CPU = Release|Any CPU
	EndGlobalSection
	GlobalSection(ProjectConfigurationPlatforms) = postSolution
		{965FEEFA-3396-4186-BD34-69A820D2B7F0}.Debug|Any CPU.ActiveCfg = Debug|Any CPU
		{965FEEFA-3396-4186-BD34-69A820D2B7F0}.Release|Any CPU.ActiveCfg = Release|Any CPU
	EndGlobalSection
	GlobalSection(SolutionProperties) = preSolution
		HideSolutionNode = FALSE
	EndGlobalSection
	GlobalSection(ExtensibilityGlobals) = postSolution
		SolutionGuid = {D967A8EA-6F22-46ED-8497-9C5E41AB852F}
	EndGlobalSection
EndGlobal
